// !$*UTF8*$!
{
	archiveVersion = 1;
	classes = {
	};
	objectVersion = 46;
	objects = {

/* Begin PBXBuildFile section */
		1321CECA1EF2160C005BFBE6 /* NotificationCenter.framework in Frameworks */ = {isa = PBXBuildFile; fileRef = 13FB9BDA1EE68A5900BCA44B /* NotificationCenter.framework */; };
		1321CECD1EF2160C005BFBE6 /* TodayViewController.swift in Sources */ = {isa = PBXBuildFile; fileRef = 1321CECC1EF2160C005BFBE6 /* TodayViewController.swift */; };
		1321CED01EF2160C005BFBE6 /* MainInterface.storyboard in Resources */ = {isa = PBXBuildFile; fileRef = 1321CECE1EF2160C005BFBE6 /* MainInterface.storyboard */; };
		1321CED41EF2160C005BFBE6 /* wIp.appex in Embed App Extensions */ = {isa = PBXBuildFile; fileRef = 1321CEC91EF2160C005BFBE6 /* wIp.appex */; settings = {ATTRIBUTES = (RemoveHeadersOnCopy, ); }; };
		134375131EE634530033112D /* AppDelegate.swift in Sources */ = {isa = PBXBuildFile; fileRef = 134375121EE634530033112D /* AppDelegate.swift */; };
		134375151EE634530033112D /* ViewController.swift in Sources */ = {isa = PBXBuildFile; fileRef = 134375141EE634530033112D /* ViewController.swift */; };
		134375181EE634530033112D /* Main.storyboard in Resources */ = {isa = PBXBuildFile; fileRef = 134375161EE634530033112D /* Main.storyboard */; };
		1343751A1EE634530033112D /* Assets.xcassets in Resources */ = {isa = PBXBuildFile; fileRef = 134375191EE634530033112D /* Assets.xcassets */; };
		1343751D1EE634530033112D /* LaunchScreen.storyboard in Resources */ = {isa = PBXBuildFile; fileRef = 1343751B1EE634530033112D /* LaunchScreen.storyboard */; };
		134375281EE634540033112D /* IP_GatewayTests.swift in Sources */ = {isa = PBXBuildFile; fileRef = 134375271EE634540033112D /* IP_GatewayTests.swift */; };
		134375331EE634540033112D /* IP_GatewayUITests.swift in Sources */ = {isa = PBXBuildFile; fileRef = 134375321EE634540033112D /* IP_GatewayUITests.swift */; };
		191D9F0C485EF1B8F58FA959 /* Pods_wIp.framework in Frameworks */ = {isa = PBXBuildFile; fileRef = FCE561E7E9744BBE4DDA9301 /* Pods_wIp.framework */; };
		5940ADAE1F38EA9000A12D0F /* forBridge.m in Sources */ = {isa = PBXBuildFile; fileRef = 5940ADAD1F38EA9000A12D0F /* forBridge.m */; };
		E13D6BE636B37060A923EB34 /* Pods_IP_Gateway.framework in Frameworks */ = {isa = PBXBuildFile; fileRef = 598420453D3D331CD3206503 /* Pods_IP_Gateway.framework */; settings = {ATTRIBUTES = (Required, ); }; };
/* End PBXBuildFile section */

/* Begin PBXContainerItemProxy section */
		1321CED21EF2160C005BFBE6 /* PBXContainerItemProxy */ = {
			isa = PBXContainerItemProxy;
			containerPortal = 134375071EE634530033112D /* Project object */;
			proxyType = 1;
			remoteGlobalIDString = 1321CEC81EF2160C005BFBE6;
			remoteInfo = wIp;
		};
		134375241EE634540033112D /* PBXContainerItemProxy */ = {
			isa = PBXContainerItemProxy;
			containerPortal = 134375071EE634530033112D /* Project object */;
			proxyType = 1;
			remoteGlobalIDString = 1343750E1EE634530033112D;
			remoteInfo = IP_Gateway;
		};
		1343752F1EE634540033112D /* PBXContainerItemProxy */ = {
			isa = PBXContainerItemProxy;
			containerPortal = 134375071EE634530033112D /* Project object */;
			proxyType = 1;
			remoteGlobalIDString = 1343750E1EE634530033112D;
			remoteInfo = IP_Gateway;
		};
/* End PBXContainerItemProxy section */

/* Begin PBXCopyFilesBuildPhase section */
		13FB9BE91EE68A5900BCA44B /* Embed App Extensions */ = {
			isa = PBXCopyFilesBuildPhase;
			buildActionMask = 2147483647;
			dstPath = "";
			dstSubfolderSpec = 13;
			files = (
				1321CED41EF2160C005BFBE6 /* wIp.appex in Embed App Extensions */,
			);
			name = "Embed App Extensions";
			runOnlyForDeploymentPostprocessing = 0;
		};
/* End PBXCopyFilesBuildPhase section */

/* Begin PBXFileReference section */
		1321CEC91EF2160C005BFBE6 /* wIp.appex */ = {isa = PBXFileReference; explicitFileType = "wrapper.app-extension"; includeInIndex = 0; path = wIp.appex; sourceTree = BUILT_PRODUCTS_DIR; };
		1321CECC1EF2160C005BFBE6 /* TodayViewController.swift */ = {isa = PBXFileReference; lastKnownFileType = sourcecode.swift; path = TodayViewController.swift; sourceTree = "<group>"; };
		1321CECF1EF2160C005BFBE6 /* Base */ = {isa = PBXFileReference; lastKnownFileType = file.storyboard; name = Base; path = Base.lproj/MainInterface.storyboard; sourceTree = "<group>"; };
		1321CED11EF2160C005BFBE6 /* Info.plist */ = {isa = PBXFileReference; lastKnownFileType = text.plist.xml; path = Info.plist; sourceTree = "<group>"; };
		1343750F1EE634530033112D /* IP_Gateway.app */ = {isa = PBXFileReference; explicitFileType = wrapper.application; includeInIndex = 0; path = IP_Gateway.app; sourceTree = BUILT_PRODUCTS_DIR; };
		134375121EE634530033112D /* AppDelegate.swift */ = {isa = PBXFileReference; lastKnownFileType = sourcecode.swift; path = AppDelegate.swift; sourceTree = "<group>"; };
		134375141EE634530033112D /* ViewController.swift */ = {isa = PBXFileReference; lastKnownFileType = sourcecode.swift; path = ViewController.swift; sourceTree = "<group>"; };
		134375171EE634530033112D /* Base */ = {isa = PBXFileReference; lastKnownFileType = file.storyboard; name = Base; path = Base.lproj/Main.storyboard; sourceTree = "<group>"; };
		134375191EE634530033112D /* Assets.xcassets */ = {isa = PBXFileReference; lastKnownFileType = folder.assetcatalog; path = Assets.xcassets; sourceTree = "<group>"; };
		1343751C1EE634530033112D /* Base */ = {isa = PBXFileReference; lastKnownFileType = file.storyboard; name = Base; path = Base.lproj/LaunchScreen.storyboard; sourceTree = "<group>"; };
		1343751E1EE634530033112D /* Info.plist */ = {isa = PBXFileReference; lastKnownFileType = text.plist.xml; path = Info.plist; sourceTree = "<group>"; };
		134375231EE634540033112D /* IP_GatewayTests.xctest */ = {isa = PBXFileReference; explicitFileType = wrapper.cfbundle; includeInIndex = 0; path = IP_GatewayTests.xctest; sourceTree = BUILT_PRODUCTS_DIR; };
		134375271EE634540033112D /* IP_GatewayTests.swift */ = {isa = PBXFileReference; lastKnownFileType = sourcecode.swift; path = IP_GatewayTests.swift; sourceTree = "<group>"; };
		134375291EE634540033112D /* Info.plist */ = {isa = PBXFileReference; lastKnownFileType = text.plist.xml; path = Info.plist; sourceTree = "<group>"; };
		1343752E1EE634540033112D /* IP_GatewayUITests.xctest */ = {isa = PBXFileReference; explicitFileType = wrapper.cfbundle; includeInIndex = 0; path = IP_GatewayUITests.xctest; sourceTree = BUILT_PRODUCTS_DIR; };
		134375321EE634540033112D /* IP_GatewayUITests.swift */ = {isa = PBXFileReference; lastKnownFileType = sourcecode.swift; path = IP_GatewayUITests.swift; sourceTree = "<group>"; };
		134375341EE634540033112D /* Info.plist */ = {isa = PBXFileReference; lastKnownFileType = text.plist.xml; path = Info.plist; sourceTree = "<group>"; };
		134375401EE645130033112D /* IP_Gateway.entitlements */ = {isa = PBXFileReference; lastKnownFileType = text.plist.entitlements; path = IP_Gateway.entitlements; sourceTree = "<group>"; };
		13F7F1011EF4DDD6008A7D56 /* wIp.entitlements */ = {isa = PBXFileReference; lastKnownFileType = text.plist.entitlements; path = wIp.entitlements; sourceTree = "<group>"; };
		13FB9BDA1EE68A5900BCA44B /* NotificationCenter.framework */ = {isa = PBXFileReference; lastKnownFileType = wrapper.framework; name = NotificationCenter.framework; path = System/Library/Frameworks/NotificationCenter.framework; sourceTree = SDKROOT; };
		4F8FF36D5CED7143AEA1C544 /* Pods-wIp.release.xcconfig */ = {isa = PBXFileReference; includeInIndex = 1; lastKnownFileType = text.xcconfig; name = "Pods-wIp.release.xcconfig"; path = "Pods/Target Support Files/Pods-wIp/Pods-wIp.release.xcconfig"; sourceTree = "<group>"; };
		5940ADAC1F38EA9000A12D0F /* IP_Gateway-Bridging-Header.h */ = {isa = PBXFileReference; lastKnownFileType = sourcecode.c.h; path = "IP_Gateway-Bridging-Header.h"; sourceTree = "<group>"; };
		5940ADAD1F38EA9000A12D0F /* forBridge.m */ = {isa = PBXFileReference; fileEncoding = 4; lastKnownFileType = sourcecode.c.objc; path = forBridge.m; sourceTree = "<group>"; };
		598420453D3D331CD3206503 /* Pods_IP_Gateway.framework */ = {isa = PBXFileReference; explicitFileType = wrapper.framework; includeInIndex = 0; path = Pods_IP_Gateway.framework; sourceTree = BUILT_PRODUCTS_DIR; };
		902F7137DA64C95AA9E39636 /* Pods-wIp.debug.xcconfig */ = {isa = PBXFileReference; includeInIndex = 1; lastKnownFileType = text.xcconfig; name = "Pods-wIp.debug.xcconfig"; path = "Pods/Target Support Files/Pods-wIp/Pods-wIp.debug.xcconfig"; sourceTree = "<group>"; };
		E38C29F397D77B2EA181480E /* Pods-IP_Gateway.release.xcconfig */ = {isa = PBXFileReference; includeInIndex = 1; lastKnownFileType = text.xcconfig; name = "Pods-IP_Gateway.release.xcconfig"; path = "Pods/Target Support Files/Pods-IP_Gateway/Pods-IP_Gateway.release.xcconfig"; sourceTree = "<group>"; };
		FCE561E7E9744BBE4DDA9301 /* Pods_wIp.framework */ = {isa = PBXFileReference; explicitFileType = wrapper.framework; includeInIndex = 0; path = Pods_wIp.framework; sourceTree = BUILT_PRODUCTS_DIR; };
		FDE873E7868688C61579280E /* Pods-IP_Gateway.debug.xcconfig */ = {isa = PBXFileReference; includeInIndex = 1; lastKnownFileType = text.xcconfig; name = "Pods-IP_Gateway.debug.xcconfig"; path = "Pods/Target Support Files/Pods-IP_Gateway/Pods-IP_Gateway.debug.xcconfig"; sourceTree = "<group>"; };
/* End PBXFileReference section */

/* Begin PBXFrameworksBuildPhase section */
		1321CEC61EF2160C005BFBE6 /* Frameworks */ = {
			isa = PBXFrameworksBuildPhase;
			buildActionMask = 2147483647;
			files = (
				1321CECA1EF2160C005BFBE6 /* NotificationCenter.framework in Frameworks */,
				191D9F0C485EF1B8F58FA959 /* Pods_wIp.framework in Frameworks */,
			);
			runOnlyForDeploymentPostprocessing = 0;
		};
		1343750C1EE634530033112D /* Frameworks */ = {
			isa = PBXFrameworksBuildPhase;
			buildActionMask = 2147483647;
			files = (
				E13D6BE636B37060A923EB34 /* Pods_IP_Gateway.framework in Frameworks */,
			);
			runOnlyForDeploymentPostprocessing = 0;
		};
		134375201EE634540033112D /* Frameworks */ = {
			isa = PBXFrameworksBuildPhase;
			buildActionMask = 2147483647;
			files = (
			);
			runOnlyForDeploymentPostprocessing = 0;
		};
		1343752B1EE634540033112D /* Frameworks */ = {
			isa = PBXFrameworksBuildPhase;
			buildActionMask = 2147483647;
			files = (
			);
			runOnlyForDeploymentPostprocessing = 0;
		};
/* End PBXFrameworksBuildPhase section */

/* Begin PBXGroup section */
		1321CECB1EF2160C005BFBE6 /* wIp */ = {
			isa = PBXGroup;
			children = (
				13F7F1011EF4DDD6008A7D56 /* wIp.entitlements */,
				1321CECC1EF2160C005BFBE6 /* TodayViewController.swift */,
				1321CECE1EF2160C005BFBE6 /* MainInterface.storyboard */,
				1321CED11EF2160C005BFBE6 /* Info.plist */,
			);
			path = wIp;
			sourceTree = "<group>";
		};
		134375061EE634530033112D = {
			isa = PBXGroup;
			children = (
				134375111EE634530033112D /* IP_Gateway */,
				134375261EE634540033112D /* IP_GatewayTests */,
				134375311EE634540033112D /* IP_GatewayUITests */,
				1321CECB1EF2160C005BFBE6 /* wIp */,
				134375101EE634530033112D /* Products */,
				B0A6B7022CAE385E9815896D /* Pods */,
				E4667B5A09BFD3B176A1F822 /* Frameworks */,
			);
			sourceTree = "<group>";
		};
		134375101EE634530033112D /* Products */ = {
			isa = PBXGroup;
			children = (
				1343750F1EE634530033112D /* IP_Gateway.app */,
				134375231EE634540033112D /* IP_GatewayTests.xctest */,
				1343752E1EE634540033112D /* IP_GatewayUITests.xctest */,
				1321CEC91EF2160C005BFBE6 /* wIp.appex */,
			);
			name = Products;
			sourceTree = "<group>";
		};
		134375111EE634530033112D /* IP_Gateway */ = {
			isa = PBXGroup;
			children = (
				134375401EE645130033112D /* IP_Gateway.entitlements */,
				1343751B1EE634530033112D /* LaunchScreen.storyboard */,
				134375121EE634530033112D /* AppDelegate.swift */,
				134375141EE634530033112D /* ViewController.swift */,
				5940ADAD1F38EA9000A12D0F /* forBridge.m */,
				134375161EE634530033112D /* Main.storyboard */,
				134375191EE634530033112D /* Assets.xcassets */,
				1343751E1EE634530033112D /* Info.plist */,
				5940ADAC1F38EA9000A12D0F /* IP_Gateway-Bridging-Header.h */,
			);
			path = IP_Gateway;
			sourceTree = "<group>";
		};
		134375261EE634540033112D /* IP_GatewayTests */ = {
			isa = PBXGroup;
			children = (
				134375271EE634540033112D /* IP_GatewayTests.swift */,
				134375291EE634540033112D /* Info.plist */,
			);
			path = IP_GatewayTests;
			sourceTree = "<group>";
		};
		134375311EE634540033112D /* IP_GatewayUITests */ = {
			isa = PBXGroup;
			children = (
				134375321EE634540033112D /* IP_GatewayUITests.swift */,
				134375341EE634540033112D /* Info.plist */,
			);
			path = IP_GatewayUITests;
			sourceTree = "<group>";
		};
		B0A6B7022CAE385E9815896D /* Pods */ = {
			isa = PBXGroup;
			children = (
				FDE873E7868688C61579280E /* Pods-IP_Gateway.debug.xcconfig */,
				E38C29F397D77B2EA181480E /* Pods-IP_Gateway.release.xcconfig */,
				902F7137DA64C95AA9E39636 /* Pods-wIp.debug.xcconfig */,
				4F8FF36D5CED7143AEA1C544 /* Pods-wIp.release.xcconfig */,
			);
			name = Pods;
			sourceTree = "<group>";
		};
		E4667B5A09BFD3B176A1F822 /* Frameworks */ = {
			isa = PBXGroup;
			children = (
				598420453D3D331CD3206503 /* Pods_IP_Gateway.framework */,
				13FB9BDA1EE68A5900BCA44B /* NotificationCenter.framework */,
				FCE561E7E9744BBE4DDA9301 /* Pods_wIp.framework */,
			);
			name = Frameworks;
			sourceTree = "<group>";
		};
/* End PBXGroup section */

/* Begin PBXNativeTarget section */
		1321CEC81EF2160C005BFBE6 /* wIp */ = {
			isa = PBXNativeTarget;
			buildConfigurationList = 1321CED71EF2160C005BFBE6 /* Build configuration list for PBXNativeTarget "wIp" */;
			buildPhases = (
				D4B3C9DEC64B780664B37651 /* [CP] Check Pods Manifest.lock */,
				1321CEC51EF2160C005BFBE6 /* Sources */,
				1321CEC61EF2160C005BFBE6 /* Frameworks */,
				1321CEC71EF2160C005BFBE6 /* Resources */,
				5C520BC35B3B683232C31350 /* [CP] Copy Pods Resources */,
			);
			buildRules = (
			);
			dependencies = (
			);
			name = wIp;
			productName = wIp;
			productReference = 1321CEC91EF2160C005BFBE6 /* wIp.appex */;
			productType = "com.apple.product-type.app-extension";
		};
		1343750E1EE634530033112D /* IP_Gateway */ = {
			isa = PBXNativeTarget;
			buildConfigurationList = 134375371EE634540033112D /* Build configuration list for PBXNativeTarget "IP_Gateway" */;
			buildPhases = (
				1E4A173DE83F5926974A4B9E /* [CP] Check Pods Manifest.lock */,
				1343750B1EE634530033112D /* Sources */,
				1343750C1EE634530033112D /* Frameworks */,
				1343750D1EE634530033112D /* Resources */,
				1C86579AE092F8AF973F90DF /* [CP] Embed Pods Frameworks */,
				6BA19610E6485A1124A86985 /* [CP] Copy Pods Resources */,
				13FB9BE91EE68A5900BCA44B /* Embed App Extensions */,
			);
			buildRules = (
			);
			dependencies = (
				1321CED31EF2160C005BFBE6 /* PBXTargetDependency */,
			);
			name = IP_Gateway;
			productName = IP_Gateway;
			productReference = 1343750F1EE634530033112D /* IP_Gateway.app */;
			productType = "com.apple.product-type.application";
		};
		134375221EE634540033112D /* IP_GatewayTests */ = {
			isa = PBXNativeTarget;
			buildConfigurationList = 1343753A1EE634540033112D /* Build configuration list for PBXNativeTarget "IP_GatewayTests" */;
			buildPhases = (
				1343751F1EE634540033112D /* Sources */,
				134375201EE634540033112D /* Frameworks */,
				134375211EE634540033112D /* Resources */,
			);
			buildRules = (
			);
			dependencies = (
				134375251EE634540033112D /* PBXTargetDependency */,
			);
			name = IP_GatewayTests;
			productName = IP_GatewayTests;
			productReference = 134375231EE634540033112D /* IP_GatewayTests.xctest */;
			productType = "com.apple.product-type.bundle.unit-test";
		};
		1343752D1EE634540033112D /* IP_GatewayUITests */ = {
			isa = PBXNativeTarget;
			buildConfigurationList = 1343753D1EE634540033112D /* Build configuration list for PBXNativeTarget "IP_GatewayUITests" */;
			buildPhases = (
				1343752A1EE634540033112D /* Sources */,
				1343752B1EE634540033112D /* Frameworks */,
				1343752C1EE634540033112D /* Resources */,
			);
			buildRules = (
			);
			dependencies = (
				134375301EE634540033112D /* PBXTargetDependency */,
			);
			name = IP_GatewayUITests;
			productName = IP_GatewayUITests;
			productReference = 1343752E1EE634540033112D /* IP_GatewayUITests.xctest */;
			productType = "com.apple.product-type.bundle.ui-testing";
		};
/* End PBXNativeTarget section */

/* Begin PBXProject section */
		134375071EE634530033112D /* Project object */ = {
			isa = PBXProject;
			attributes = {
				KnownAssetTags = (
					1234,
				);
				LastSwiftUpdateCheck = 0830;
				LastUpgradeCheck = 0830;
				ORGANIZATIONNAME = Eric;
				TargetAttributes = {
					1321CEC81EF2160C005BFBE6 = {
						CreatedOnToolsVersion = 8.3.3;
						DevelopmentTeam = 2M3CSYCYJV;
						ProvisioningStyle = Automatic;
						SystemCapabilities = {
							com.apple.ApplicationGroups.iOS = {
								enabled = 1;
							};
						};
					};
					1343750E1EE634530033112D = {
						CreatedOnToolsVersion = 8.3.2;
						DevelopmentTeam = 2M3CSYCYJV;
						LastSwiftMigration = 0830;
						ProvisioningStyle = Automatic;
						SystemCapabilities = {
							com.apple.ApplicationGroups.iOS = {
								enabled = 1;
							};
							com.apple.DataProtection = {
								enabled = 0;
							};
						};
					};
					134375221EE634540033112D = {
						CreatedOnToolsVersion = 8.3.2;
						ProvisioningStyle = Automatic;
						TestTargetID = 1343750E1EE634530033112D;
					};
					1343752D1EE634540033112D = {
						CreatedOnToolsVersion = 8.3.2;
						ProvisioningStyle = Automatic;
						TestTargetID = 1343750E1EE634530033112D;
					};
				};
			};
			buildConfigurationList = 1343750A1EE634530033112D /* Build configuration list for PBXProject "IP_Gateway" */;
			compatibilityVersion = "Xcode 3.2";
			developmentRegion = English;
			hasScannedForEncodings = 0;
			knownRegions = (
				en,
				Base,
			);
			mainGroup = 134375061EE634530033112D;
			productRefGroup = 134375101EE634530033112D /* Products */;
			projectDirPath = "";
			projectRoot = "";
			targets = (
				1343750E1EE634530033112D /* IP_Gateway */,
				134375221EE634540033112D /* IP_GatewayTests */,
				1343752D1EE634540033112D /* IP_GatewayUITests */,
				1321CEC81EF2160C005BFBE6 /* wIp */,
			);
		};
/* End PBXProject section */

/* Begin PBXResourcesBuildPhase section */
		1321CEC71EF2160C005BFBE6 /* Resources */ = {
			isa = PBXResourcesBuildPhase;
			buildActionMask = 2147483647;
			files = (
				1321CED01EF2160C005BFBE6 /* MainInterface.storyboard in Resources */,
			);
			runOnlyForDeploymentPostprocessing = 0;
		};
		1343750D1EE634530033112D /* Resources */ = {
			isa = PBXResourcesBuildPhase;
			buildActionMask = 2147483647;
			files = (
				1343751D1EE634530033112D /* LaunchScreen.storyboard in Resources */,
				1343751A1EE634530033112D /* Assets.xcassets in Resources */,
				134375181EE634530033112D /* Main.storyboard in Resources */,
			);
			runOnlyForDeploymentPostprocessing = 0;
		};
		134375211EE634540033112D /* Resources */ = {
			isa = PBXResourcesBuildPhase;
			buildActionMask = 2147483647;
			files = (
			);
			runOnlyForDeploymentPostprocessing = 0;
		};
		1343752C1EE634540033112D /* Resources */ = {
			isa = PBXResourcesBuildPhase;
			buildActionMask = 2147483647;
			files = (
			);
			runOnlyForDeploymentPostprocessing = 0;
		};
/* End PBXResourcesBuildPhase section */

/* Begin PBXShellScriptBuildPhase section */
		1C86579AE092F8AF973F90DF /* [CP] Embed Pods Frameworks */ = {
			isa = PBXShellScriptBuildPhase;
			buildActionMask = 2147483647;
			files = (
			);
			inputPaths = (
			);
			name = "[CP] Embed Pods Frameworks";
			outputPaths = (
			);
			runOnlyForDeploymentPostprocessing = 0;
			shellPath = /bin/sh;
			shellScript = "\"${SRCROOT}/Pods/Target Support Files/Pods-IP_Gateway/Pods-IP_Gateway-frameworks.sh\"\n";
			showEnvVarsInLog = 0;
		};
		1E4A173DE83F5926974A4B9E /* [CP] Check Pods Manifest.lock */ = {
			isa = PBXShellScriptBuildPhase;
			buildActionMask = 2147483647;
			files = (
			);
			inputPaths = (
			);
			name = "[CP] Check Pods Manifest.lock";
			outputPaths = (
			);
			runOnlyForDeploymentPostprocessing = 0;
			shellPath = /bin/sh;
			shellScript = "diff \"${PODS_PODFILE_DIR_PATH}/Podfile.lock\" \"${PODS_ROOT}/Manifest.lock\" > /dev/null\nif [ $? != 0 ] ; then\n    # print error to STDERR\n    echo \"error: The sandbox is not in sync with the Podfile.lock. Run 'pod install' or update your CocoaPods installation.\" >&2\n    exit 1\nfi\n";
			showEnvVarsInLog = 0;
		};
		5C520BC35B3B683232C31350 /* [CP] Copy Pods Resources */ = {
			isa = PBXShellScriptBuildPhase;
			buildActionMask = 2147483647;
			files = (
			);
			inputPaths = (
			);
			name = "[CP] Copy Pods Resources";
			outputPaths = (
			);
			runOnlyForDeploymentPostprocessing = 0;
			shellPath = /bin/sh;
			shellScript = "\"${SRCROOT}/Pods/Target Support Files/Pods-wIp/Pods-wIp-resources.sh\"\n";
			showEnvVarsInLog = 0;
		};
		6BA19610E6485A1124A86985 /* [CP] Copy Pods Resources */ = {
			isa = PBXShellScriptBuildPhase;
			buildActionMask = 2147483647;
			files = (
			);
			inputPaths = (
			);
			name = "[CP] Copy Pods Resources";
			outputPaths = (
			);
			runOnlyForDeploymentPostprocessing = 0;
			shellPath = /bin/sh;
			shellScript = "\"${SRCROOT}/Pods/Target Support Files/Pods-IP_Gateway/Pods-IP_Gateway-resources.sh\"\n";
			showEnvVarsInLog = 0;
		};
		D4B3C9DEC64B780664B37651 /* [CP] Check Pods Manifest.lock */ = {
			isa = PBXShellScriptBuildPhase;
			buildActionMask = 2147483647;
			files = (
			);
			inputPaths = (
			);
			name = "[CP] Check Pods Manifest.lock";
			outputPaths = (
			);
			runOnlyForDeploymentPostprocessing = 0;
			shellPath = /bin/sh;
			shellScript = "diff \"${PODS_PODFILE_DIR_PATH}/Podfile.lock\" \"${PODS_ROOT}/Manifest.lock\" > /dev/null\nif [ $? != 0 ] ; then\n    # print error to STDERR\n    echo \"error: The sandbox is not in sync with the Podfile.lock. Run 'pod install' or update your CocoaPods installation.\" >&2\n    exit 1\nfi\n";
			showEnvVarsInLog = 0;
		};
/* End PBXShellScriptBuildPhase section */

/* Begin PBXSourcesBuildPhase section */
		1321CEC51EF2160C005BFBE6 /* Sources */ = {
			isa = PBXSourcesBuildPhase;
			buildActionMask = 2147483647;
			files = (
				1321CECD1EF2160C005BFBE6 /* TodayViewController.swift in Sources */,
			);
			runOnlyForDeploymentPostprocessing = 0;
		};
		1343750B1EE634530033112D /* Sources */ = {
			isa = PBXSourcesBuildPhase;
			buildActionMask = 2147483647;
			files = (
				5940ADAE1F38EA9000A12D0F /* forBridge.m in Sources */,
				134375151EE634530033112D /* ViewController.swift in Sources */,
				134375131EE634530033112D /* AppDelegate.swift in Sources */,
			);
			runOnlyForDeploymentPostprocessing = 0;
		};
		1343751F1EE634540033112D /* Sources */ = {
			isa = PBXSourcesBuildPhase;
			buildActionMask = 2147483647;
			files = (
				134375281EE634540033112D /* IP_GatewayTests.swift in Sources */,
			);
			runOnlyForDeploymentPostprocessing = 0;
		};
		1343752A1EE634540033112D /* Sources */ = {
			isa = PBXSourcesBuildPhase;
			buildActionMask = 2147483647;
			files = (
				134375331EE634540033112D /* IP_GatewayUITests.swift in Sources */,
			);
			runOnlyForDeploymentPostprocessing = 0;
		};
/* End PBXSourcesBuildPhase section */

/* Begin PBXTargetDependency section */
		1321CED31EF2160C005BFBE6 /* PBXTargetDependency */ = {
			isa = PBXTargetDependency;
			target = 1321CEC81EF2160C005BFBE6 /* wIp */;
			targetProxy = 1321CED21EF2160C005BFBE6 /* PBXContainerItemProxy */;
		};
		134375251EE634540033112D /* PBXTargetDependency */ = {
			isa = PBXTargetDependency;
			target = 1343750E1EE634530033112D /* IP_Gateway */;
			targetProxy = 134375241EE634540033112D /* PBXContainerItemProxy */;
		};
		134375301EE634540033112D /* PBXTargetDependency */ = {
			isa = PBXTargetDependency;
			target = 1343750E1EE634530033112D /* IP_Gateway */;
			targetProxy = 1343752F1EE634540033112D /* PBXContainerItemProxy */;
		};
/* End PBXTargetDependency section */

/* Begin PBXVariantGroup section */
		1321CECE1EF2160C005BFBE6 /* MainInterface.storyboard */ = {
			isa = PBXVariantGroup;
			children = (
				1321CECF1EF2160C005BFBE6 /* Base */,
			);
			name = MainInterface.storyboard;
			sourceTree = "<group>";
		};
		134375161EE634530033112D /* Main.storyboard */ = {
			isa = PBXVariantGroup;
			children = (
				134375171EE634530033112D /* Base */,
			);
			name = Main.storyboard;
			sourceTree = "<group>";
		};
		1343751B1EE634530033112D /* LaunchScreen.storyboard */ = {
			isa = PBXVariantGroup;
			children = (
				1343751C1EE634530033112D /* Base */,
			);
			name = LaunchScreen.storyboard;
			sourceTree = "<group>";
		};
/* End PBXVariantGroup section */

/* Begin XCBuildConfiguration section */
		1321CED51EF2160C005BFBE6 /* Debug */ = {
			isa = XCBuildConfiguration;
			baseConfigurationReference = 902F7137DA64C95AA9E39636 /* Pods-wIp.debug.xcconfig */;
			buildSettings = {
				CODE_SIGN_ENTITLEMENTS = wIp/wIp.entitlements;
				DEVELOPMENT_TEAM = 2M3CSYCYJV;
				INFOPLIST_FILE = wIp/Info.plist;
				IPHONEOS_DEPLOYMENT_TARGET = 9.0;
				LD_RUNPATH_SEARCH_PATHS = "$(inherited) @executable_path/Frameworks @executable_path/../../Frameworks";
				PRODUCT_BUNDLE_IDENTIFIER = com.Eric.IPGateway.wIp;
				PRODUCT_NAME = "$(TARGET_NAME)";
				SKIP_INSTALL = YES;
				SWIFT_VERSION = 3.0;
				TARGETED_DEVICE_FAMILY = 1;
			};
			name = Debug;
		};
		1321CED61EF2160C005BFBE6 /* Release */ = {
			isa = XCBuildConfiguration;
			baseConfigurationReference = 4F8FF36D5CED7143AEA1C544 /* Pods-wIp.release.xcconfig */;
			buildSettings = {
				CODE_SIGN_ENTITLEMENTS = wIp/wIp.entitlements;
				DEVELOPMENT_TEAM = 2M3CSYCYJV;
				INFOPLIST_FILE = wIp/Info.plist;
				IPHONEOS_DEPLOYMENT_TARGET = 9.0;
				LD_RUNPATH_SEARCH_PATHS = "$(inherited) @executable_path/Frameworks @executable_path/../../Frameworks";
				PRODUCT_BUNDLE_IDENTIFIER = com.Eric.IPGateway.wIp;
				PRODUCT_NAME = "$(TARGET_NAME)";
				SKIP_INSTALL = YES;
				SWIFT_VERSION = 3.0;
				TARGETED_DEVICE_FAMILY = 1;
			};
			name = Release;
		};
		134375351EE634540033112D /* Debug */ = {
			isa = XCBuildConfiguration;
			buildSettings = {
				ALWAYS_SEARCH_USER_PATHS = NO;
				CLANG_ANALYZER_NONNULL = YES;
				CLANG_ANALYZER_NUMBER_OBJECT_CONVERSION = YES_AGGRESSIVE;
				CLANG_CXX_LANGUAGE_STANDARD = "gnu++0x";
				CLANG_CXX_LIBRARY = "libc++";
				CLANG_ENABLE_MODULES = YES;
				CLANG_ENABLE_OBJC_ARC = YES;
				CLANG_WARN_BOOL_CONVERSION = YES;
				CLANG_WARN_CONSTANT_CONVERSION = YES;
				CLANG_WARN_DIRECT_OBJC_ISA_USAGE = YES_ERROR;
				CLANG_WARN_DOCUMENTATION_COMMENTS = YES;
				CLANG_WARN_EMPTY_BODY = YES;
				CLANG_WARN_ENUM_CONVERSION = YES;
				CLANG_WARN_INFINITE_RECURSION = YES;
				CLANG_WARN_INT_CONVERSION = YES;
				CLANG_WARN_OBJC_ROOT_CLASS = YES_ERROR;
				CLANG_WARN_SUSPICIOUS_MOVE = YES;
				CLANG_WARN_UNREACHABLE_CODE = YES;
				CLANG_WARN__DUPLICATE_METHOD_MATCH = YES;
				"CODE_SIGN_IDENTITY[sdk=iphoneos*]" = "iPhone Developer";
				COPY_PHASE_STRIP = NO;
				DEBUG_INFORMATION_FORMAT = dwarf;
				ENABLE_STRICT_OBJC_MSGSEND = YES;
				ENABLE_TESTABILITY = YES;
				GCC_C_LANGUAGE_STANDARD = gnu99;
				GCC_DYNAMIC_NO_PIC = NO;
				GCC_NO_COMMON_BLOCKS = YES;
				GCC_OPTIMIZATION_LEVEL = 0;
				GCC_PREPROCESSOR_DEFINITIONS = (
					"DEBUG=1",
					"$(inherited)",
				);
				GCC_WARN_64_TO_32_BIT_CONVERSION = YES;
				GCC_WARN_ABOUT_RETURN_TYPE = YES_ERROR;
				GCC_WARN_UNDECLARED_SELECTOR = YES;
				GCC_WARN_UNINITIALIZED_AUTOS = YES_AGGRESSIVE;
				GCC_WARN_UNUSED_FUNCTION = YES;
				GCC_WARN_UNUSED_VARIABLE = YES;
				IPHONEOS_DEPLOYMENT_TARGET = 10.0;
				MTL_ENABLE_DEBUG_INFO = YES;
				ONLY_ACTIVE_ARCH = YES;
				SDKROOT = iphoneos;
				SWIFT_ACTIVE_COMPILATION_CONDITIONS = DEBUG;
				SWIFT_OPTIMIZATION_LEVEL = "-Onone";
				TARGETED_DEVICE_FAMILY = "1,2";
			};
			name = Debug;
		};
		134375361EE634540033112D /* Release */ = {
			isa = XCBuildConfiguration;
			buildSettings = {
				ALWAYS_SEARCH_USER_PATHS = NO;
				CLANG_ANALYZER_NONNULL = YES;
				CLANG_ANALYZER_NUMBER_OBJECT_CONVERSION = YES_AGGRESSIVE;
				CLANG_CXX_LANGUAGE_STANDARD = "gnu++0x";
				CLANG_CXX_LIBRARY = "libc++";
				CLANG_ENABLE_MODULES = YES;
				CLANG_ENABLE_OBJC_ARC = YES;
				CLANG_WARN_BOOL_CONVERSION = YES;
				CLANG_WARN_CONSTANT_CONVERSION = YES;
				CLANG_WARN_DIRECT_OBJC_ISA_USAGE = YES_ERROR;
				CLANG_WARN_DOCUMENTATION_COMMENTS = YES;
				CLANG_WARN_EMPTY_BODY = YES;
				CLANG_WARN_ENUM_CONVERSION = YES;
				CLANG_WARN_INFINITE_RECURSION = YES;
				CLANG_WARN_INT_CONVERSION = YES;
				CLANG_WARN_OBJC_ROOT_CLASS = YES_ERROR;
				CLANG_WARN_SUSPICIOUS_MOVE = YES;
				CLANG_WARN_UNREACHABLE_CODE = YES;
				CLANG_WARN__DUPLICATE_METHOD_MATCH = YES;
				"CODE_SIGN_IDENTITY[sdk=iphoneos*]" = "iPhone Developer";
				COPY_PHASE_STRIP = NO;
				DEBUG_INFORMATION_FORMAT = "dwarf-with-dsym";
				ENABLE_NS_ASSERTIONS = NO;
				ENABLE_STRICT_OBJC_MSGSEND = YES;
				GCC_C_LANGUAGE_STANDARD = gnu99;
				GCC_NO_COMMON_BLOCKS = YES;
				GCC_WARN_64_TO_32_BIT_CONVERSION = YES;
				GCC_WARN_ABOUT_RETURN_TYPE = YES_ERROR;
				GCC_WARN_UNDECLARED_SELECTOR = YES;
				GCC_WARN_UNINITIALIZED_AUTOS = YES_AGGRESSIVE;
				GCC_WARN_UNUSED_FUNCTION = YES;
				GCC_WARN_UNUSED_VARIABLE = YES;
				IPHONEOS_DEPLOYMENT_TARGET = 10.0;
				MTL_ENABLE_DEBUG_INFO = NO;
				SDKROOT = iphoneos;
				SWIFT_OPTIMIZATION_LEVEL = "-Owholemodule";
				TARGETED_DEVICE_FAMILY = "1,2";
				VALIDATE_PRODUCT = YES;
			};
			name = Release;
		};
		134375381EE634540033112D /* Debug */ = {
			isa = XCBuildConfiguration;
			baseConfigurationReference = FDE873E7868688C61579280E /* Pods-IP_Gateway.debug.xcconfig */;
			buildSettings = {
				ALWAYS_EMBED_SWIFT_STANDARD_LIBRARIES = YES;
				ASSETCATALOG_COMPILER_APPICON_NAME = AppIcon;
				CLANG_ENABLE_MODULES = YES;
				CODE_SIGN_ENTITLEMENTS = IP_Gateway/IP_Gateway.entitlements;
				DEVELOPMENT_TEAM = 2M3CSYCYJV;
				INFOPLIST_FILE = IP_Gateway/Info.plist;
				IPHONEOS_DEPLOYMENT_TARGET = 10.0;
				LD_RUNPATH_SEARCH_PATHS = "$(inherited) @executable_path/Frameworks";
				PRODUCT_BUNDLE_IDENTIFIER = com.Eric.IPGateway;
				PRODUCT_NAME = "$(TARGET_NAME)";
				SWIFT_OBJC_BRIDGING_HEADER = "IP_Gateway/IP_Gateway-Bridging-Header.h";
				SWIFT_OPTIMIZATION_LEVEL = "-Onone";
				SWIFT_VERSION = 3.0;
				TARGETED_DEVICE_FAMILY = 1;
			};
			name = Debug;
		};
		134375391EE634540033112D /* Release */ = {
			isa = XCBuildConfiguration;
			baseConfigurationReference = E38C29F397D77B2EA181480E /* Pods-IP_Gateway.release.xcconfig */;
			buildSettings = {
				ALWAYS_EMBED_SWIFT_STANDARD_LIBRARIES = YES;
				ASSETCATALOG_COMPILER_APPICON_NAME = AppIcon;
				CLANG_ENABLE_MODULES = YES;
				CODE_SIGN_ENTITLEMENTS = IP_Gateway/IP_Gateway.entitlements;
				DEVELOPMENT_TEAM = 2M3CSYCYJV;
				INFOPLIST_FILE = IP_Gateway/Info.plist;
				IPHONEOS_DEPLOYMENT_TARGET = 10.0;
				LD_RUNPATH_SEARCH_PATHS = "$(inherited) @executable_path/Frameworks";
				PRODUCT_BUNDLE_IDENTIFIER = com.Eric.IPGateway;
				PRODUCT_NAME = "$(TARGET_NAME)";
				SWIFT_OBJC_BRIDGING_HEADER = "IP_Gateway/IP_Gateway-Bridging-Header.h";
				SWIFT_VERSION = 3.0;
				TARGETED_DEVICE_FAMILY = 1;
			};
			name = Release;
		};
		1343753B1EE634540033112D /* Debug */ = {
			isa = XCBuildConfiguration;
			buildSettings = {
				ALWAYS_EMBED_SWIFT_STANDARD_LIBRARIES = YES;
				BUNDLE_LOADER = "$(TEST_HOST)";
				INFOPLIST_FILE = IP_GatewayTests/Info.plist;
				LD_RUNPATH_SEARCH_PATHS = "$(inherited) @executable_path/Frameworks @loader_path/Frameworks";
				PRODUCT_BUNDLE_IDENTIFIER = "one.IP-GatewayTests";
				PRODUCT_NAME = "$(TARGET_NAME)";
				SWIFT_VERSION = 3.0;
				TEST_HOST = "$(BUILT_PRODUCTS_DIR)/IP_Gateway.app/IP_Gateway";
			};
			name = Debug;
		};
		1343753C1EE634540033112D /* Release */ = {
			isa = XCBuildConfiguration;
			buildSettings = {
				ALWAYS_EMBED_SWIFT_STANDARD_LIBRARIES = YES;
				BUNDLE_LOADER = "$(TEST_HOST)";
				INFOPLIST_FILE = IP_GatewayTests/Info.plist;
				LD_RUNPATH_SEARCH_PATHS = "$(inherited) @executable_path/Frameworks @loader_path/Frameworks";
				PRODUCT_BUNDLE_IDENTIFIER = "one.IP-GatewayTests";
				PRODUCT_NAME = "$(TARGET_NAME)";
				SWIFT_VERSION = 3.0;
				TEST_HOST = "$(BUILT_PRODUCTS_DIR)/IP_Gateway.app/IP_Gateway";
			};
			name = Release;
		};
		1343753E1EE634540033112D /* Debug */ = {
			isa = XCBuildConfiguration;
			buildSettings = {
				ALWAYS_EMBED_SWIFT_STANDARD_LIBRARIES = YES;
				INFOPLIST_FILE = IP_GatewayUITests/Info.plist;
				LD_RUNPATH_SEARCH_PATHS = "$(inherited) @executable_path/Frameworks @loader_path/Frameworks";
				PRODUCT_BUNDLE_IDENTIFIER = "one.IP-GatewayUITests";
				PRODUCT_NAME = "$(TARGET_NAME)";
				SWIFT_VERSION = 3.0;
				TEST_TARGET_NAME = IP_Gateway;
			};
			name = Debug;
		};
		1343753F1EE634540033112D /* Release */ = {
			isa = XCBuildConfiguration;
			buildSettings = {
				ALWAYS_EMBED_SWIFT_STANDARD_LIBRARIES = YES;
				INFOPLIST_FILE = IP_GatewayUITests/Info.plist;
				LD_RUNPATH_SEARCH_PATHS = "$(inherited) @executable_path/Frameworks @loader_path/Frameworks";
				PRODUCT_BUNDLE_IDENTIFIER = "one.IP-GatewayUITests";
				PRODUCT_NAME = "$(TARGET_NAME)";
				SWIFT_VERSION = 3.0;
				TEST_TARGET_NAME = IP_Gateway;
			};
			name = Release;
		};
/* End XCBuildConfiguration section */

/* Begin XCConfigurationList section */
		1321CED71EF2160C005BFBE6 /* Build configuration list for PBXNativeTarget "wIp" */ = {
			isa = XCConfigurationList;
			buildConfigurations = (
				1321CED51EF2160C005BFBE6 /* Debug */,
				1321CED61EF2160C005BFBE6 /* Release */,
			);
			defaultConfigurationIsVisible = 0;
			defaultConfigurationName = Release;
		};
		1343750A1EE634530033112D /* Build configuration list for PBXProject "IP_Gateway" */ = {
			isa = XCConfigurationList;
			buildConfigurations = (
				134375351EE634540033112D /* Debug */,
				134375361EE634540033112D /* Release */,
			);
			defaultConfigurationIsVisible = 0;
			defaultConfigurationName = Release;
		};
		134375371EE634540033112D /* Build configuration list for PBXNativeTarget "IP_Gateway" */ = {
			isa = XCConfigurationList;
			buildConfigurations = (
				134375381EE634540033112D /* Debug */,
				134375391EE634540033112D /* Release */,
			);
			defaultConfigurationIsVisible = 0;
			defaultConfigurationName = Release;
		};
		1343753A1EE634540033112D /* Build configuration list for PBXNativeTarget "IP_GatewayTests" */ = {
			isa = XCConfigurationList;
			buildConfigurations = (
				1343753B1EE634540033112D /* Debug */,
				1343753C1EE634540033112D /* Release */,
			);
			defaultConfigurationIsVisible = 0;
			defaultConfigurationName = Release;
		};
		1343753D1EE634540033112D /* Build configuration list for PBXNativeTarget "IP_GatewayUITests" */ = {
			isa = XCConfigurationList;
			buildConfigurations = (
				1343753E1EE634540033112D /* Debug */,
				1343753F1EE634540033112D /* Release */,
			);
			defaultConfigurationIsVisible = 0;
			defaultConfigurationName = Release;
		};
/* End XCConfigurationList section */
	};
	rootObject = 134375071EE634530033112D /* Project object */;
}
